// !$*UTF8*$!
{
	archiveVersion = 1;
	classes = {
	};
	objectVersion = 77;
	objects = {

/* Begin PBXBuildFile section */
		4318CBC92FB1391E0090198B /* CountersView.swift in Sources */ = {isa = PBXBuildFile; fileRef = 4318CBC62FB1391E0090198B /* CountersView.swift */; };
		4318CBCA2FB1391E0090198B /* CounterStore.swift in Sources */ = {isa = PBXBuildFile; fileRef = 4318CBC52FB1391E0090198B /* CounterStore.swift */; };
		4318CBCB2FB1391E0090198B /* CounterSmallView.swift in Sources */ = {isa = PBXBuildFile; fileRef = 4318CBBF2FB1391E0090198B /* CounterSmallView.swift */; };
		4318CBCC2FB1391E0090198B /* ArchiveView.swift in Sources */ = {isa = PBXBuildFile; fileRef = 4318CBC22FB1391E0090198B /* ArchiveView.swift */; };
		4318CBCD2FB1391E0090198B /* NewCounter.swift in Sources */ = {isa = PBXBuildFile; fileRef = 4318CBC72FB1391E0090198B /* NewCounter.swift */; };
		4318CBCE2FB1391E0090198B /* CounterApp.swift in Sources */ = {isa = PBXBuildFile; fileRef = 4318CBC42FB1391E0090198B /* CounterApp.swift */; };
		4318CBCF2FB1391E0090198B /* HeaderView.swift in Sources */ = {isa = PBXBuildFile; fileRef = 4318CBC02FB1391E0090198B /* HeaderView.swift */; };
		4318CBD02FB1391E0090198B /* Assets.xcassets in Resources */ = {isa = PBXBuildFile; fileRef = 4318CBC32FB1391E0090198B /* Assets.xcassets */; };
		4318CBD12FB1391E0090198B /* Assets.xcassets in Resources */ = {isa = PBXBuildFile; fileRef = 4318CBC32FB1391E0090198B /* Assets.xcassets */; };
		4318CBD22FB1391E0090198B /* CountersView.swift in Sources */ = {isa = PBXBuildFile; fileRef = 4318CBC62FB1391E0090198B /* CountersView.swift */; };
		4318CBD32FB1391E0090198B /* CounterStore.swift in Sources */ = {isa = PBXBuildFile; fileRef = 4318CBC52FB1391E0090198B /* CounterStore.swift */; };
		4318CBD42FB1391E0090198B /* CounterSmallView.swift in Sources */ = {isa = PBXBuildFile; fileRef = 4318CBBF2FB1391E0090198B /* CounterSmallView.swift */; };
		4318CBD52FB1391E0090198B /* ArchiveView.swift in Sources */ = {isa = PBXBuildFile; fileRef = 4318CBC22FB1391E0090198B /* ArchiveView.swift */; };
		4318CBD62FB1391E0090198B /* NewCounter.swift in Sources */ = {isa = PBXBuildFile; fileRef = 4318CBC72FB1391E0090198B /* NewCounter.swift */; };
		4318CBD72FB1391E0090198B /* CounterApp.swift in Sources */ = {isa = PBXBuildFile; fileRef = 4318CBC42FB1391E0090198B /* CounterApp.swift */; };
		4318CBD82FB1391E0090198B /* HeaderView.swift in Sources */ = {isa = PBXBuildFile; fileRef = 4318CBC02FB1391E0090198B /* HeaderView.swift */; };
		4318CBD92FB1391E0090198B /* Assets.xcassets in Resources */ = {isa = PBXBuildFile; fileRef = 4318CBC32FB1391E0090198B /* Assets.xcassets */; };
		4318CBDA2FB1391E0090198B /* CountersView.swift in Sources */ = {isa = PBXBuildFile; fileRef = 4318CBC62FB1391E0090198B /* CountersView.swift */; };
		4318CBDB2FB1391E0090198B /* CounterStore.swift in Sources */ = {isa = PBXBuildFile; fileRef = 4318CBC52FB1391E0090198B /* CounterStore.swift */; };
		4318CBDC2FB1391E0090198B /* CounterSmallView.swift in Sources */ = {isa = PBXBuildFile; fileRef = 4318CBBF2FB1391E0090198B /* CounterSmallView.swift */; };
		4318CBDD2FB1391E0090198B /* ArchiveView.swift in Sources */ = {isa = PBXBuildFile; fileRef = 4318CBC22FB1391E0090198B /* ArchiveView.swift */; };
		4318CBDE2FB1391E0090198B /* NewCounter.swift in Sources */ = {isa = PBXBuildFile; fileRef = 4318CBC72FB1391E0090198B /* NewCounter.swift */; };
		4318CBDF2FB1391E0090198B /* CounterApp.swift in Sources */ = {isa = PBXBuildFile; fileRef = 4318CBC42FB1391E0090198B /* CounterApp.swift */; };
		4318CBE02FB1391E0090198B /* HeaderView.swift in Sources */ = {isa = PBXBuildFile; fileRef = 4318CBC02FB1391E0090198B /* HeaderView.swift */; };
		4318CBF32FB13C7B0090198B /* CounterAppTests.swift in Sources */ = {isa = PBXBuildFile; fileRef = 4318CBF12FB13C7B0090198B /* CounterAppTests.swift */; };
		4318CBF72FB13C8C0090198B /* CounterAppUITests.swift in Sources */ = {isa = PBXBuildFile; fileRef = 4318CBF42FB13C8C0090198B /* CounterAppUITests.swift */; };
		4318CBF82FB13C8C0090198B /* CounterAppUITestsLaunchTests.swift in Sources */ = {isa = PBXBuildFile; fileRef = 4318CBF52FB13C8C0090198B /* CounterAppUITestsLaunchTests.swift */; };
/* End PBXBuildFile section */

/* Begin PBXContainerItemProxy section */
		434875002DAE1E240087CE87 /* PBXContainerItemProxy */ = {
			isa = PBXContainerItemProxy;
			containerPortal = 434874EA2DAE1E230087CE87 /* Project object */;
			proxyType = 1;
			remoteGlobalIDString = 434874F12DAE1E230087CE87;
			remoteInfo = CounterApp;
		};
		4348750A2DAE1E240087CE87 /* PBXContainerItemProxy */ = {
			isa = PBXContainerItemProxy;
			containerPortal = 434874EA2DAE1E230087CE87 /* Project object */;
			proxyType = 1;
			remoteGlobalIDString = 434874F12DAE1E230087CE87;
			remoteInfo = CounterApp;
		};
/* End PBXContainerItemProxy section */

/* Begin PBXCopyFilesBuildPhase section */
		43544A5B2DB2A0B900628867 /* Embed Watch Content */ = {
			isa = PBXCopyFilesBuildPhase;
			buildActionMask = 2147483647;
			dstPath = "$(CONTENTS_FOLDER_PATH)/Watch";
			dstSubfolderSpec = 16;
			files = (
			);
			name = "Embed Watch Content";
			runOnlyForDeploymentPostprocessing = 0;
		};
/* End PBXCopyFilesBuildPhase section */

/* Begin PBXFileReference section */
		4318CBBF2FB1391E0090198B /* CounterSmallView.swift */ = {isa = PBXFileReference; lastKnownFileType = sourcecode.swift; path = CounterSmallView.swift; sourceTree = "<group>"; };
		4318CBC02FB1391E0090198B /* HeaderView.swift */ = {isa = PBXFileReference; lastKnownFileType = sourcecode.swift; path = HeaderView.swift; sourceTree = "<group>"; };
		4318CBC22FB1391E0090198B /* ArchiveView.swift */ = {isa = PBXFileReference; lastKnownFileType = sourcecode.swift; path = ArchiveView.swift; sourceTree = "<group>"; };
		4318CBC32FB1391E0090198B /* Assets.xcassets */ = {isa = PBXFileReference; lastKnownFileType = folder.assetcatalog; path = Assets.xcassets; sourceTree = "<group>"; };
		4318CBC42FB1391E0090198B /* CounterApp.swift */ = {isa = PBXFileReference; lastKnownFileType = sourcecode.swift; path = CounterApp.swift; sourceTree = "<group>"; };
		4318CBC52FB1391E0090198B /* CounterStore.swift */ = {isa = PBXFileReference; lastKnownFileType = sourcecode.swift; path = CounterStore.swift; sourceTree = "<group>"; };
		4318CBC62FB1391E0090198B /* CountersView.swift */ = {isa = PBXFileReference; lastKnownFileType = sourcecode.swift; path = CountersView.swift; sourceTree = "<group>"; };
		4318CBC72FB1391E0090198B /* NewCounter.swift */ = {isa = PBXFileReference; lastKnownFileType = sourcecode.swift; path = NewCounter.swift; sourceTree = "<group>"; };
		4318CBEF2FB1397C0090198B /* CounterAppTests.xctest */ = {isa = PBXFileReference; explicitFileType = wrapper.cfbundle; includeInIndex = 0; name = CounterAppTests.xctest; path = "/Users/nicolasdiaz/code/Swift Apps/Counters/build/Debug-iphoneos/CounterApp.app/PlugIns/CounterAppTests.xctest"; sourceTree = "<absolute>"; };
		4318CBF02FB1398A0090198B /* CounterApp.app */ = {isa = PBXFileReference; explicitFileType = wrapper.application; includeInIndex = 0; name = CounterApp.app; path = "/Users/nicolasdiaz/code/Swift Apps/Counters/build/Debug-iphoneos/CounterApp.app"; sourceTree = "<absolute>"; };
		4318CBF12FB13C7B0090198B /* CounterAppTests.swift */ = {isa = PBXFileReference; lastKnownFileType = sourcecode.swift; path = CounterAppTests.swift; sourceTree = "<group>"; };
		4318CBF42FB13C8C0090198B /* CounterAppUITests.swift */ = {isa = PBXFileReference; lastKnownFileType = sourcecode.swift; path = CounterAppUITests.swift; sourceTree = "<group>"; };
		4318CBF52FB13C8C0090198B /* CounterAppUITestsLaunchTests.swift */ = {isa = PBXFileReference; lastKnownFileType = sourcecode.swift; path = CounterAppUITestsLaunchTests.swift; sourceTree = "<group>"; };
		434875092DAE1E240087CE87 /* CounterAppUITests.xctest */ = {isa = PBXFileReference; explicitFileType = wrapper.cfbundle; includeInIndex = 0; name = CounterAppUITests.xctest; path = "/Users/nicolasdiaz/code/Swift Apps/Counters/build/Debug-iphoneos/CounterAppUITests-Runner.app/PlugIns/CounterAppUITests.xctest"; sourceTree = "<absolute>"; };
/* End PBXFileReference section */

/* Begin PBXFrameworksBuildPhase section */
		434874EF2DAE1E230087CE87 /* Frameworks */ = {
			isa = PBXFrameworksBuildPhase;
			buildActionMask = 2147483647;
			files = (
			);
			runOnlyForDeploymentPostprocessing = 0;
		};
		434874FC2DAE1E240087CE87 /* Frameworks */ = {
			isa = PBXFrameworksBuildPhase;
			buildActionMask = 2147483647;
			files = (
			);
			runOnlyForDeploymentPostprocessing = 0;
		};
		434875062DAE1E240087CE87 /* Frameworks */ = {
			isa = PBXFrameworksBuildPhase;
			buildActionMask = 2147483647;
			files = (
			);
			runOnlyForDeploymentPostprocessing = 0;
		};
/* End PBXFrameworksBuildPhase section */

/* Begin PBXGroup section */
		4318CBC12FB1391E0090198B /* Components */ = {
			isa = PBXGroup;
			children = (
				4318CBBF2FB1391E0090198B /* CounterSmallView.swift */,
				4318CBC02FB1391E0090198B /* HeaderView.swift */,
			);
			path = Components;
			sourceTree = "<group>";
		};
		4318CBC82FB1391E0090198B /* CounterApp */ = {
			isa = PBXGroup;
			children = (
				4318CBC12FB1391E0090198B /* Components */,
				4318CBC22FB1391E0090198B /* ArchiveView.swift */,
				4318CBC32FB1391E0090198B /* Assets.xcassets */,
				4318CBC42FB1391E0090198B /* CounterApp.swift */,
				4318CBC52FB1391E0090198B /* CounterStore.swift */,
				4318CBC62FB1391E0090198B /* CountersView.swift */,
				4318CBC72FB1391E0090198B /* NewCounter.swift */,
			);
			path = CounterApp;
			sourceTree = "<group>";
		};
		4318CBF22FB13C7B0090198B /* CounterAppTests */ = {
			isa = PBXGroup;
			children = (
				4318CBF12FB13C7B0090198B /* CounterAppTests.swift */,
			);
			path = CounterAppTests;
			sourceTree = "<group>";
		};
		4318CBF62FB13C8C0090198B /* CounterAppUITests */ = {
			isa = PBXGroup;
			children = (
				4318CBF42FB13C8C0090198B /* CounterAppUITests.swift */,
				4318CBF52FB13C8C0090198B /* CounterAppUITestsLaunchTests.swift */,
			);
			path = CounterAppUITests;
			sourceTree = "<group>";
		};
		434874E92DAE1E230087CE87 = {
			isa = PBXGroup;
			children = (
				4318CBC82FB1391E0090198B /* CounterApp */,
				4318CBF22FB13C7B0090198B /* CounterAppTests */,
				4318CBF62FB13C8C0090198B /* CounterAppUITests */,
			);
			sourceTree = "<group>";
		};
/* End PBXGroup section */

/* Begin PBXNativeTarget section */
		434874F12DAE1E230087CE87 /* CounterApp */ = {
			isa = PBXNativeTarget;
			buildConfigurationList = 434875132DAE1E240087CE87 /* Build configuration list for PBXNativeTarget "CounterApp" */;
			buildPhases = (
				434874EE2DAE1E230087CE87 /* Sources */,
				434874EF2DAE1E230087CE87 /* Frameworks */,
				434874F02DAE1E230087CE87 /* Resources */,
				43544A5B2DB2A0B900628867 /* Embed Watch Content */,
			);
			buildRules = (
			);
			dependencies = (
			);
			name = CounterApp;
			packageProductDependencies = (
			);
			productName = CounterApp;
			productReference = 4318CBF02FB1398A0090198B /* CounterApp.app */;
			productType = "com.apple.product-type.application";
		};
		434874FE2DAE1E240087CE87 /* CounterAppTests */ = {
			isa = PBXNativeTarget;
			buildConfigurationList = 434875162DAE1E240087CE87 /* Build configuration list for PBXNativeTarget "CounterAppTests" */;
			buildPhases = (
				434874FB2DAE1E240087CE87 /* Sources */,
				434874FC2DAE1E240087CE87 /* Frameworks */,
				434874FD2DAE1E240087CE87 /* Resources */,
			);
			buildRules = (
			);
			dependencies = (
				434875012DAE1E240087CE87 /* PBXTargetDependency */,
			);
			name = CounterAppTests;
			packageProductDependencies = (
			);
			productName = CounterAppTests;
			productReference = 4318CBEF2FB1397C0090198B /* CounterAppTests.xctest */;
			productType = "com.apple.product-type.bundle.unit-test";
		};
		434875082DAE1E240087CE87 /* CounterAppUITests */ = {
			isa = PBXNativeTarget;
			buildConfigurationList = 434875192DAE1E240087CE87 /* Build configuration list for PBXNativeTarget "CounterAppUITests" */;
			buildPhases = (
				434875052DAE1E240087CE87 /* Sources */,
				434875062DAE1E240087CE87 /* Frameworks */,
				434875072DAE1E240087CE87 /* Resources */,
			);
			buildRules = (
			);
			dependencies = (
				4348750B2DAE1E240087CE87 /* PBXTargetDependency */,
			);
			name = CounterAppUITests;
			packageProductDependencies = (
			);
			productName = CounterAppUITests;
			productReference = 434875092DAE1E240087CE87 /* CounterAppUITests.xctest */;
			productType = "com.apple.product-type.bundle.ui-testing";
		};
/* End PBXNativeTarget section */

/* Begin PBXProject section */
		434874EA2DAE1E230087CE87 /* Project object */ = {
			isa = PBXProject;
			attributes = {
				BuildIndependentTargetsInParallel = 1;
				LastSwiftUpdateCheck = 1630;
				LastUpgradeCheck = 2640;
				TargetAttributes = {
					434874F12DAE1E230087CE87 = {
						CreatedOnToolsVersion = 16.3;
					};
					434874FE2DAE1E240087CE87 = {
						CreatedOnToolsVersion = 16.3;
						TestTargetID = 434874F12DAE1E230087CE87;
					};
					434875082DAE1E240087CE87 = {
						CreatedOnToolsVersion = 16.3;
						TestTargetID = 434874F12DAE1E230087CE87;
					};
				};
			};
			buildConfigurationList = 434874ED2DAE1E230087CE87 /* Build configuration list for PBXProject "CounterApp" */;
			developmentRegion = en;
			hasScannedForEncodings = 0;
			knownRegions = (
				en,
				Base,
			);
			mainGroup = 434874E92DAE1E230087CE87;
			minimizedProjectReferenceProxies = 1;
			preferredProjectObjectVersion = 77;
			productRefGroup = 434874E92DAE1E230087CE87;
			projectDirPath = "";
			projectRoot = "";
			targets = (
				434874F12DAE1E230087CE87 /* CounterApp */,
				434874FE2DAE1E240087CE87 /* CounterAppTests */,
				434875082DAE1E240087CE87 /* CounterAppUITests */,
			);
		};
/* End PBXProject section */

/* Begin PBXResourcesBuildPhase section */
		434874F02DAE1E230087CE87 /* Resources */ = {
			isa = PBXResourcesBuildPhase;
			buildActionMask = 2147483647;
			files = (
				4318CBD92FB1391E0090198B /* Assets.xcassets in Resources */,
			);
			runOnlyForDeploymentPostprocessing = 0;
		};
		434874FD2DAE1E240087CE87 /* Resources */ = {
			isa = PBXResourcesBuildPhase;
			buildActionMask = 2147483647;
			files = (
				4318CBD12FB1391E0090198B /* Assets.xcassets in Resources */,
			);
			runOnlyForDeploymentPostprocessing = 0;
		};
		434875072DAE1E240087CE87 /* Resources */ = {
			isa = PBXResourcesBuildPhase;
			buildActionMask = 2147483647;
			files = (
				4318CBD02FB1391E0090198B /* Assets.xcassets in Resources */,
			);
			runOnlyForDeploymentPostprocessing = 0;
		};
/* End PBXResourcesBuildPhase section */

/* Begin PBXSourcesBuildPhase section */
		434874EE2DAE1E230087CE87 /* Sources */ = {
			isa = PBXSourcesBuildPhase;
			buildActionMask = 2147483647;
			files = (
				4318CBDA2FB1391E0090198B /* CountersView.swift in Sources */,
				4318CBDB2FB1391E0090198B /* CounterStore.swift in Sources */,
				4318CBDC2FB1391E0090198B /* CounterSmallView.swift in Sources */,
				4318CBDD2FB1391E0090198B /* ArchiveView.swift in Sources */,
				4318CBDE2FB1391E0090198B /* NewCounter.swift in Sources */,
				4318CBDF2FB1391E0090198B /* CounterApp.swift in Sources */,
				4318CBE02FB1391E0090198B /* HeaderView.swift in Sources */,
			);
			runOnlyForDeploymentPostprocessing = 0;
		};
		434874FB2DAE1E240087CE87 /* Sources */ = {
			isa = PBXSourcesBuildPhase;
			buildActionMask = 2147483647;
			files = (
				4318CBD22FB1391E0090198B /* CountersView.swift in Sources */,
				4318CBD32FB1391E0090198B /* CounterStore.swift in Sources */,
				4318CBD42FB1391E0090198B /* CounterSmallView.swift in Sources */,
				4318CBD52FB1391E0090198B /* ArchiveView.swift in Sources */,
				4318CBF32FB13C7B0090198B /* CounterAppTests.swift in Sources */,
				4318CBD62FB1391E0090198B /* NewCounter.swift in Sources */,
				4318CBD72FB1391E0090198B /* CounterApp.swift in Sources */,
				4318CBD82FB1391E0090198B /* HeaderView.swift in Sources */,
			);
			runOnlyForDeploymentPostprocessing = 0;
		};
		434875052DAE1E240087CE87 /* Sources */ = {
			isa = PBXSourcesBuildPhase;
			buildActionMask = 2147483647;
			files = (
				4318CBC92FB1391E0090198B /* CountersView.swift in Sources */,
				4318CBCA2FB1391E0090198B /* CounterStore.swift in Sources */,
				4318CBCB2FB1391E0090198B /* CounterSmallView.swift in Sources */,
				4318CBCC2FB1391E0090198B /* ArchiveView.swift in Sources */,
				4318CBCD2FB1391E0090198B /* NewCounter.swift in Sources */,
				4318CBF72FB13C8C0090198B /* CounterAppUITests.swift in Sources */,
				4318CBF82FB13C8C0090198B /* CounterAppUITestsLaunchTests.swift in Sources */,
				4318CBCE2FB1391E0090198B /* CounterApp.swift in Sources */,
				4318CBCF2FB1391E0090198B /* HeaderView.swift in Sources */,
			);
			runOnlyForDeploymentPostprocessing = 0;
		};
/* End PBXSourcesBuildPhase section */

/* Begin PBXTargetDependency section */
		434875012DAE1E240087CE87 /* PBXTargetDependency */ = {
			isa = PBXTargetDependency;
			target = 434874F12DAE1E230087CE87 /* CounterApp */;
			targetProxy = 434875002DAE1E240087CE87 /* PBXContainerItemProxy */;
		};
		4348750B2DAE1E240087CE87 /* PBXTargetDependency */ = {
			isa = PBXTargetDependency;
			target = 434874F12DAE1E230087CE87 /* CounterApp */;
			targetProxy = 4348750A2DAE1E240087CE87 /* PBXContainerItemProxy */;
		};
/* End PBXTargetDependency section */

/* Begin XCBuildConfiguration section */
		434875112DAE1E240087CE87 /* Debug */ = {
			isa = XCBuildConfiguration;
			buildSettings = {
				ALWAYS_SEARCH_USER_PATHS = NO;
				ASSETCATALOG_COMPILER_GENERATE_SWIFT_ASSET_SYMBOL_EXTENSIONS = YES;
				CLANG_ANALYZER_NONNULL = YES;
				CLANG_ANALYZER_NUMBER_OBJECT_CONVERSION = YES_AGGRESSIVE;
				CLANG_CXX_LANGUAGE_STANDARD = "gnu++20";
				CLANG_ENABLE_MODULES = YES;
				CLANG_ENABLE_OBJC_ARC = YES;
				CLANG_ENABLE_OBJC_WEAK = YES;
				CLANG_WARN_BLOCK_CAPTURE_AUTORELEASING = YES;
				CLANG_WARN_BOOL_CONVERSION = YES;
				CLANG_WARN_COMMA = YES;
				CLANG_WARN_CONSTANT_CONVERSION = YES;
				CLANG_WARN_DEPRECATED_OBJC_IMPLEMENTATIONS = YES;
				CLANG_WARN_DIRECT_OBJC_ISA_USAGE = YES_ERROR;
				CLANG_WARN_DOCUMENTATION_COMMENTS = YES;
				CLANG_WARN_EMPTY_BODY = YES;
				CLANG_WARN_ENUM_CONVERSION = YES;
				CLANG_WARN_INFINITE_RECURSION = YES;
				CLANG_WARN_INT_CONVERSION = YES;
				CLANG_WARN_NON_LITERAL_NULL_CONVERSION = YES;
				CLANG_WARN_OBJC_IMPLICIT_RETAIN_SELF = YES;
				CLANG_WARN_OBJC_LITERAL_CONVERSION = YES;
				CLANG_WARN_OBJC_ROOT_CLASS = YES_ERROR;
				CLANG_WARN_QUOTED_INCLUDE_IN_FRAMEWORK_HEADER = YES;
				CLANG_WARN_RANGE_LOOP_ANALYSIS = YES;
				CLANG_WARN_STRICT_PROTOTYPES = YES;
				CLANG_WARN_SUSPICIOUS_MOVE = YES;
				CLANG_WARN_UNGUARDED_AVAILABILITY = YES_AGGRESSIVE;
				CLANG_WARN_UNREACHABLE_CODE = YES;
				CLANG_WARN__DUPLICATE_METHOD_MATCH = YES;
				COPY_PHASE_STRIP = NO;
				DEBUG_INFORMATION_FORMAT = dwarf;
				DEVELOPMENT_TEAM = JXCCJ9385L;
				ENABLE_STRICT_OBJC_MSGSEND = YES;
				ENABLE_TESTABILITY = YES;
				ENABLE_USER_SCRIPT_SANDBOXING = YES;
				GCC_C_LANGUAGE_STANDARD = gnu17;
				GCC_DYNAMIC_NO_PIC = NO;
				GCC_NO_COMMON_BLOCKS = YES;
				GCC_OPTIMIZATION_LEVEL = 0;
				GCC_PREPROCESSOR_DEFINITIONS = (
					"DEBUG=1",
					"$(inherited)",
				);
				GCC_WARN_64_TO_32_BIT_CONVERSION = YES;
				GCC_WARN_ABOUT_RETURN_TYPE = YES_ERROR;
				GCC_WARN_UNDECLARED_SELECTOR = YES;
				GCC_WARN_UNINITIALIZED_AUTOS = YES_AGGRESSIVE;
				GCC_WARN_UNUSED_FUNCTION = YES;
				GCC_WARN_UNUSED_VARIABLE = YES;
				IPHONEOS_DEPLOYMENT_TARGET = 18.4;
				LOCALIZATION_PREFERS_STRING_CATALOGS = YES;
				MTL_ENABLE_DEBUG_INFO = INCLUDE_SOURCE;
				MTL_FAST_MATH = YES;
				ONLY_ACTIVE_ARCH = YES;
				SDKROOT = iphoneos;
				STRING_CATALOG_GENERATE_SYMBOLS = YES;
				SWIFT_ACTIVE_COMPILATION_CONDITIONS = "DEBUG $(inherited)";
				SWIFT_OPTIMIZATION_LEVEL = "-Onone";
			};
			name = Debug;
		};
		434875122DAE1E240087CE87 /* Release */ = {
			isa = XCBuildConfiguration;
			buildSettings = {
				ALWAYS_SEARCH_USER_PATHS = NO;
				ASSETCATALOG_COMPILER_GENERATE_SWIFT_ASSET_SYMBOL_EXTENSIONS = YES;
				CLANG_ANALYZER_NONNULL = YES;
				CLANG_ANALYZER_NUMBER_OBJECT_CONVERSION = YES_AGGRESSIVE;
				CLANG_CXX_LANGUAGE_STANDARD = "gnu++20";
				CLANG_ENABLE_MODULES = YES;
				CLANG_ENABLE_OBJC_ARC = YES;
				CLANG_ENABLE_OBJC_WEAK = YES;
				CLANG_WARN_BLOCK_CAPTURE_AUTORELEASING = YES;
				CLANG_WARN_BOOL_CONVERSION = YES;
				CLANG_WARN_COMMA = YES;
				CLANG_WARN_CONSTANT_CONVERSION = YES;
				CLANG_WARN_DEPRECATED_OBJC_IMPLEMENTATIONS = YES;
				CLANG_WARN_DIRECT_OBJC_ISA_USAGE = YES_ERROR;
				CLANG_WARN_DOCUMENTATION_COMMENTS = YES;
				CLANG_WARN_EMPTY_BODY = YES;
				CLANG_WARN_ENUM_CONVERSION = YES;
				CLANG_WARN_INFINITE_RECURSION = YES;
				CLANG_WARN_INT_CONVERSION = YES;
				CLANG_WARN_NON_LITERAL_NULL_CONVERSION = YES;
				CLANG_WARN_OBJC_IMPLICIT_RETAIN_SELF = YES;
				CLANG_WARN_OBJC_LITERAL_CONVERSION = YES;
				CLANG_WARN_OBJC_ROOT_CLASS = YES_ERROR;
				CLANG_WARN_QUOTED_INCLUDE_IN_FRAMEWORK_HEADER = YES;
				CLANG_WARN_RANGE_LOOP_ANALYSIS = YES;
				CLANG_WARN_STRICT_PROTOTYPES = YES;
				CLANG_WARN_SUSPICIOUS_MOVE = YES;
				CLANG_WARN_UNGUARDED_AVAILABILITY = YES_AGGRESSIVE;
				CLANG_WARN_UNREACHABLE_CODE = YES;
				CLANG_WARN__DUPLICATE_METHOD_MATCH = YES;
				COPY_PHASE_STRIP = NO;
				DEBUG_INFORMATION_FORMAT = "dwarf-with-dsym";
				DEVELOPMENT_TEAM = JXCCJ9385L;
				ENABLE_NS_ASSERTIONS = NO;
				ENABLE_STRICT_OBJC_MSGSEND = YES;
				ENABLE_USER_SCRIPT_SANDBOXING = YES;
				GCC_C_LANGUAGE_STANDARD = gnu17;
				GCC_NO_COMMON_BLOCKS = YES;
				GCC_WARN_64_TO_32_BIT_CONVERSION = YES;
				GCC_WARN_ABOUT_RETURN_TYPE = YES_ERROR;
				GCC_WARN_UNDECLARED_SELECTOR = YES;
				GCC_WARN_UNINITIALIZED_AUTOS = YES_AGGRESSIVE;
				GCC_WARN_UNUSED_FUNCTION = YES;
				GCC_WARN_UNUSED_VARIABLE = YES;
				IPHONEOS_DEPLOYMENT_TARGET = 18.4;
				LOCALIZATION_PREFERS_STRING_CATALOGS = YES;
				MTL_ENABLE_DEBUG_INFO = NO;
				MTL_FAST_MATH = YES;
				SDKROOT = iphoneos;
				STRING_CATALOG_GENERATE_SYMBOLS = YES;
				SWIFT_COMPILATION_MODE = wholemodule;
				VALIDATE_PRODUCT = YES;
			};
			name = Release;
		};
		434875142DAE1E240087CE87 /* Debug */ = {
			isa = XCBuildConfiguration;
			buildSettings = {
				ASSETCATALOG_COMPILER_APPICON_NAME = AppIcon;
				ASSETCATALOG_COMPILER_GLOBAL_ACCENT_COLOR_NAME = AccentColor;
				ASSETCATALOG_COMPILER_INCLUDE_ALL_APPICON_ASSETS = YES;
				CODE_SIGN_STYLE = Automatic;
				CURRENT_PROJECT_VERSION = 1;
				DEVELOPMENT_TEAM = JXCCJ9385L;
				ENABLE_PREVIEWS = YES;
				GENERATE_INFOPLIST_FILE = YES;
				INFOPLIST_KEY_CFBundleDisplayName = Counter;
				INFOPLIST_KEY_LSApplicationCategoryType = "public.app-category.utilities";
				INFOPLIST_KEY_UIApplicationSceneManifest_Generation = YES;
				INFOPLIST_KEY_UIApplicationSupportsIndirectInputEvents = YES;
				INFOPLIST_KEY_UILaunchScreen_Generation = YES;
				INFOPLIST_KEY_UISupportedInterfaceOrientations = UIInterfaceOrientationPortrait;
				INFOPLIST_KEY_UISupportedInterfaceOrientations_iPad = "UIInterfaceOrientationLandscapeLeft UIInterfaceOrientationLandscapeRight UIInterfaceOrientationPortrait UIInterfaceOrientationPortraitUpsideDown";
				IPHONEOS_DEPLOYMENT_TARGET = 18.6;
				LD_RUNPATH_SEARCH_PATHS = (
					"$(inherited)",
					"@executable_path/Frameworks",
				);
				MARKETING_VERSION = 1.0;
				PRODUCT_BUNDLE_IDENTIFIER = nicolasdiazoff.CounterApp;
				PRODUCT_NAME = "$(TARGET_NAME)";
				SUPPORTED_PLATFORMS = "iphoneos iphonesimulator";
				SUPPORTS_MACCATALYST = NO;
				SUPPORTS_XR_DESIGNED_FOR_IPHONE_IPAD = NO;
				SWIFT_EMIT_LOC_STRINGS = YES;
				SWIFT_VERSION = 5.0;
				TARGETED_DEVICE_FAMILY = 1;
			};
			name = Debug;
		};
		434875152DAE1E240087CE87 /* Release */ = {
			isa = XCBuildConfiguration;
			buildSettings = {
				ASSETCATALOG_COMPILER_APPICON_NAME = AppIcon;
				ASSETCATALOG_COMPILER_GLOBAL_ACCENT_COLOR_NAME = AccentColor;
				ASSETCATALOG_COMPILER_INCLUDE_ALL_APPICON_ASSETS = YES;
				CODE_SIGN_STYLE = Automatic;
				CURRENT_PROJECT_VERSION = 1;
				DEVELOPMENT_TEAM = JXCCJ9385L;
				ENABLE_PREVIEWS = YES;
				GENERATE_INFOPLIST_FILE = YES;
				INFOPLIST_KEY_CFBundleDisplayName = Counter;
				INFOPLIST_KEY_LSApplicationCategoryType = "public.app-category.utilities";
				INFOPLIST_KEY_UIApplicationSceneManifest_Generation = YES;
				INFOPLIST_KEY_UIApplicationSupportsIndirectInputEvents = YES;
				INFOPLIST_KEY_UILaunchScreen_Generation = YES;
				INFOPLIST_KEY_UISupportedInterfaceOrientations = UIInterfaceOrientationPortrait;
				INFOPLIST_KEY_UISupportedInterfaceOrientations_iPad = "UIInterfaceOrientationLandscapeLeft UIInterfaceOrientationLandscapeRight UIInterfaceOrientationPortrait UIInterfaceOrientationPortraitUpsideDown";
				IPHONEOS_DEPLOYMENT_TARGET = 18.6;
				LD_RUNPATH_SEARCH_PATHS = (
					"$(inherited)",
					"@executable_path/Frameworks",
				);
				MARKETING_VERSION = 1.0;
				PRODUCT_BUNDLE_IDENTIFIER = nicolasdiazoff.CounterApp;
				PRODUCT_NAME = "$(TARGET_NAME)";
				SUPPORTED_PLATFORMS = "iphoneos iphonesimulator";
				SUPPORTS_MACCATALYST = NO;
				SUPPORTS_XR_DESIGNED_FOR_IPHONE_IPAD = NO;
				SWIFT_EMIT_LOC_STRINGS = YES;
				SWIFT_VERSION = 5.0;
				TARGETED_DEVICE_FAMILY = 1;
			};
			name = Release;
		};
		434875172DAE1E240087CE87 /* Debug */ = {
			isa = XCBuildConfiguration;
			buildSettings = {
				BUNDLE_LOADER = "$(TEST_HOST)";
				CODE_SIGN_STYLE = Automatic;
				CURRENT_PROJECT_VERSION = 1;
				DEVELOPMENT_TEAM = JXCCJ9385L;
				GENERATE_INFOPLIST_FILE = YES;
				IPHONEOS_DEPLOYMENT_TARGET = 18.4;
				MARKETING_VERSION = 1.0;
				PRODUCT_BUNDLE_IDENTIFIER = nicolasdiazoff.CounterAppTests;
				PRODUCT_NAME = "$(TARGET_NAME)";
				SUPPORTED_PLATFORMS = "iphoneos iphonesimulator";
				SUPPORTS_MACCATALYST = YES;
				SUPPORTS_XR_DESIGNED_FOR_IPHONE_IPAD = NO;
				SWIFT_EMIT_LOC_STRINGS = NO;
				SWIFT_VERSION = 5.0;
				TARGETED_DEVICE_FAMILY = "1,2";
				TEST_HOST = "$(BUILT_PRODUCTS_DIR)/CounterApp.app/$(BUNDLE_EXECUTABLE_FOLDER_PATH)/CounterApp";
			};
			name = Debug;
		};
		434875182DAE1E240087CE87 /* Release */ = {
			isa = XCBuildConfiguration;
			buildSettings = {
				BUNDLE_LOADER = "$(TEST_HOST)";
				CODE_SIGN_STYLE = Automatic;
				CURRENT_PROJECT_VERSION = 1;
				DEVELOPMENT_TEAM = JXCCJ9385L;
				GENERATE_INFOPLIST_FILE = YES;
				IPHONEOS_DEPLOYMENT_TARGET = 18.4;
				MARKETING_VERSION = 1.0;
				PRODUCT_BUNDLE_IDENTIFIER = nicolasdiazoff.CounterAppTests;
				PRODUCT_NAME = "$(TARGET_NAME)";
				SUPPORTED_PLATFORMS = "iphoneos iphonesimulator";
				SUPPORTS_MACCATALYST = YES;
				SUPPORTS_XR_DESIGNED_FOR_IPHONE_IPAD = NO;
				SWIFT_EMIT_LOC_STRINGS = NO;
				SWIFT_VERSION = 5.0;
				TARGETED_DEVICE_FAMILY = "1,2";
				TEST_HOST = "$(BUILT_PRODUCTS_DIR)/CounterApp.app/$(BUNDLE_EXECUTABLE_FOLDER_PATH)/CounterApp";
			};
			name = Release;
		};
		4348751A2DAE1E240087CE87 /* Debug */ = {
			isa = XCBuildConfiguration;
			buildSettings = {
				CODE_SIGN_STYLE = Automatic;
				CURRENT_PROJECT_VERSION = 1;
				DEVELOPMENT_TEAM = JXCCJ9385L;
				GENERATE_INFOPLIST_FILE = YES;
				MARKETING_VERSION = 1.0;
				PRODUCT_BUNDLE_IDENTIFIER = nicolasdiazoff.CounterAppUITests;
				PRODUCT_NAME = "$(TARGET_NAME)";
				SWIFT_EMIT_LOC_STRINGS = NO;
				SWIFT_VERSION = 5.0;
				TARGETED_DEVICE_FAMILY = "1,2";
				TEST_TARGET_NAME = CounterApp;
			};
			name = Debug;
		};
		4348751B2DAE1E240087CE87 /* Release */ = {
			isa = XCBuildConfiguration;
			buildSettings = {
				CODE_SIGN_STYLE = Automatic;
				CURRENT_PROJECT_VERSION = 1;
				DEVELOPMENT_TEAM = JXCCJ9385L;
				GENERATE_INFOPLIST_FILE = YES;
				MARKETING_VERSION = 1.0;
				PRODUCT_BUNDLE_IDENTIFIER = nicolasdiazoff.CounterAppUITests;
				PRODUCT_NAME = "$(TARGET_NAME)";
				SWIFT_EMIT_LOC_STRINGS = NO;
				SWIFT_VERSION = 5.0;
				TARGETED_DEVICE_FAMILY = "1,2";
				TEST_TARGET_NAME = CounterApp;
			};
			name = Release;
		};
/* End XCBuildConfiguration section */

/* Begin XCConfigurationList section */
		434874ED2DAE1E230087CE87 /* Build configuration list for PBXProject "CounterApp" */ = {
			isa = XCConfigurationList;
			buildConfigurations = (
				434875112DAE1E240087CE87 /* Debug */,
				434875122DAE1E240087CE87 /* Release */,
			);
			defaultConfigurationIsVisible = 0;
			defaultConfigurationName = Release;
		};
		434875132DAE1E240087CE87 /* Build configuration list for PBXNativeTarget "CounterApp" */ = {
			isa = XCConfigurationList;
			buildConfigurations = (
				434875142DAE1E240087CE87 /* Debug */,
				434875152DAE1E240087CE87 /* Release */,
			);
			defaultConfigurationIsVisible = 0;
			defaultConfigurationName = Release;
		};
		434875162DAE1E240087CE87 /* Build configuration list for PBXNativeTarget "CounterAppTests" */ = {
			isa = XCConfigurationList;
			buildConfigurations = (
				434875172DAE1E240087CE87 /* Debug */,
				434875182DAE1E240087CE87 /* Release */,
			);
			defaultConfigurationIsVisible = 0;
			defaultConfigurationName = Release;
		};
		434875192DAE1E240087CE87 /* Build configuration list for PBXNativeTarget "CounterAppUITests" */ = {
			isa = XCConfigurationList;
			buildConfigurations = (
				4348751A2DAE1E240087CE87 /* Debug */,
				4348751B2DAE1E240087CE87 /* Release */,
			);
			defaultConfigurationIsVisible = 0;
			defaultConfigurationName = Release;
		};
/* End XCConfigurationList section */
	};
	rootObject = 434874EA2DAE1E230087CE87 /* Project object */;
}
